
Microsoft Visual Studio Solution File, Format Version 12.00
# Visual Studio 15
VisualStudioVersion = 15.0.28307.2092
MinimumVisualStudioVersion = 10.0.40219.1
Project("{00D1A9C2-B5F0-4AF3-8072-F6C62B433612}") = "PRJ_ZERO_TO_DW", "PRJ_ZERO_TO_DW\PRJ_ZERO_TO_DW.sqlproj", "{89ABACE6-A2E6-475C-A1A1-19A270134304}"
EndProject
Global
	GlobalSection(SolutionConfigurationPlatforms) = preSolution
		Debug|Any CPU = Debug|Any CPU
		Release|Any CPU = Release|Any CPU
	EndGlobalSection
	GlobalSection(ProjectConfigurationPlatforms) = postSolution
		{89ABACE6-A2E6-475C-A1A1-19A270134304}.Debug|Any CPU.ActiveCfg = Debug|Any CPU
		{89ABACE6-A2E6-475C-A1A1-19A270134304}.Debug|Any CPU.Build.0 = Debug|Any CPU
		{89ABACE6-A2E6-475C-A1A1-19A270134304}.Debug|Any CPU.Deploy.0 = Debug|Any CPU
		{89ABACE6-A2E6-475C-A1A1-19A270134304}.Release|Any CPU.ActiveCfg = Release|Any CPU
		{89ABACE6-A2E6-475C-A1A1-19A270134304}.Release|Any CPU.Build.0 = Release|Any CPU
		{89ABACE6-A2E6-475C-A1A1-19A270134304}.Release|Any CPU.Deploy.0 = Release|Any CPU
	EndGlobalSection
	GlobalSection(SolutionProperties) = preSolution
		HideSolutionNode = FALSE
	EndGlobalSection
	GlobalSection(ExtensibilityGlobals) = postSolution
		SolutionGuid = {A2CBE084-090F-420F-A6DB-FFCC12592A65}
	EndGlobalSection
EndGlobal
